
Microsoft Visual Studio Solution File, Format Version 9.00
# Visual Studio 2005
Project("{EDCC3B85-0BAD-11DB-BC1A-00112FDE8B61}") = "Problem_1", "Problem_1\Problem_1.nproj", "{3FDF6FD0-DC4E-4EB7-B816-29D3A6432B3A}"
EndProject
Project("{EDCC3B85-0BAD-11DB-BC1A-00112FDE8B61}") = "Problem_2", "Problem_2\Problem_2.nproj", "{391744EC-8CCB-401A-A856-8718DBB2EE4B}"
EndProject
Project("{EDCC3B85-0BAD-11DB-BC1A-00112FDE8B61}") = "Problem_3", "Problem_3\Problem_3.nproj", "{79E13D63-1995-43F9-9446-581658A04CD3}"
EndProject
Project("{EDCC3B85-0BAD-11DB-BC1A-00112FDE8B61}") = "Problem_4", "Problem_4\Problem_4.nproj", "{15CF50C0-5174-4D93-B13A-709ADF88B29C}"
EndProject
Project("{EDCC3B85-0BAD-11DB-BC1A-00112FDE8B61}") = "Problem_5", "Problem_5\Problem_5.nproj", "{4F66C95E-C6FA-444D-8192-67CDC73D5CB7}"
EndProject
Project("{EDCC3B85-0BAD-11DB-BC1A-00112FDE8B61}") = "Problem_6", "Problem_6\Problem_6.nproj", "{70C8F721-3509-43E3-B03B-432468820640}"
EndProject
Project("{EDCC3B85-0BAD-11DB-BC1A-00112FDE8B61}") = "Problem_7", "Problem_7\Problem_7.nproj", "{F3529718-B85A-481E-8C56-F7121818C6DA}"
EndProject
Project("{EDCC3B85-0BAD-11DB-BC1A-00112FDE8B61}") = "Problem_8", "Problem_8\Problem_8.nproj", "{75742E5B-65DB-45CB-AD0A-8FD4BE138DCE}"
EndProject
Project("{EDCC3B85-0BAD-11DB-BC1A-00112FDE8B61}") = "Problem_9", "Problem_9\Problem_9.nproj", "{FBF379FB-55E6-490F-A285-B07ED85B0128}"
EndProject
Project("{EDCC3B85-0BAD-11DB-BC1A-00112FDE8B61}") = "Problem_10", "Problem_10\Problem_10.nproj", "{70F71C59-A6D7-4B0F-9D74-9693CE222EE6}"
EndProject
Project("{EDCC3B85-0BAD-11DB-BC1A-00112FDE8B61}") = "Problem_12", "Problem_12\Problem_12.nproj", "{AB3AAF53-2901-4B5B-B26F-F51E20AC7332}"
EndProject
Project("{EDCC3B85-0BAD-11DB-BC1A-00112FDE8B61}") = "Problem_11", "Problem_11\Problem_11.nproj", "{F91215C7-5905-4A87-8FA2-BF1F70A975AF}"
EndProject
Project("{EDCC3B85-0BAD-11DB-BC1A-00112FDE8B61}") = "Problem_45", "Problem_45\Problem_45.nproj", "{528A829B-F36C-4DE8-B8C4-7578547F2465}"
EndProject
Project("{EDCC3B85-0BAD-11DB-BC1A-00112FDE8B61}") = "Problem_18", "Problem_18\Problem_18.nproj", "{D7775213-86F3-412A-8766-7A9A93C6FE65}"
EndProject
Project("{EDCC3B85-0BAD-11DB-BC1A-00112FDE8B61}") = "Problem_67", "Problem_67\Problem_67.nproj", "{BCB5E8B9-3F92-4097-9B46-45BF40126FB2}"
EndProject
Project("{EDCC3B85-0BAD-11DB-BC1A-00112FDE8B61}") = "Problem_22", "Problem_22\Problem_22.nproj", "{29ED06D2-24E4-4C61-9C12-44C697F0F9F7}"
EndProject
Project("{EDCC3B85-0BAD-11DB-BC1A-00112FDE8B61}") = "Problem_29", "Problem_29\Problem_29.nproj", "{B112C124-8B8B-413F-8154-32E5A3168CF6}"
EndProject
Project("{EDCC3B85-0BAD-11DB-BC1A-00112FDE8B61}") = "Problem_28", "Problem_28\Problem_28.nproj", "{6D0349DB-961C-49F8-88DA-653165D854A1}"
EndProject
Project("{EDCC3B85-0BAD-11DB-BC1A-00112FDE8B61}") = "Problem_30", "Problem_30\Problem_30.nproj", "{06CB1369-277E-436E-BC8E-F5DA097FD3D0}"
EndProject
Project("{EDCC3B85-0BAD-11DB-BC1A-00112FDE8B61}") = "Problem_11_", "Problem_11_\Problem_11_.nproj", "{8E9E19CD-4190-411E-B82E-B380142449C3}"
EndProject
Project("{EDCC3B85-0BAD-11DB-BC1A-00112FDE8B61}") = "Problem_34", "Problem_34\Problem_34.nproj", "{6685B6D7-422E-425B-8ADC-983A2B848772}"
EndProject
Project("{EDCC3B85-0BAD-11DB-BC1A-00112FDE8B61}") = "Problem_35", "Problem_35\Problem_35.nproj", "{EC235F9F-1161-4F95-AE2D-E546649AA771}"
EndProject
Project("{EDCC3B85-0BAD-11DB-BC1A-00112FDE8B61}") = "Problem_36", "Problem_36\Problem_36.nproj", "{3E520D81-9DCA-4D65-BAE5-2E6A26301F27}"
EndProject
Project("{EDCC3B85-0BAD-11DB-BC1A-00112FDE8B61}") = "Problem_39", "Problem_39\Problem_39.nproj", "{DA395691-C55D-4370-9C74-A269CFCDD9F6}"
EndProject
Project("{EDCC3B85-0BAD-11DB-BC1A-00112FDE8B61}") = "Problem_15", "Problem_15\Problem_15.nproj", "{C861EEF9-65C3-4B04-87D4-83AE89D1DE32}"
EndProject
Global
	GlobalSection(SolutionConfigurationPlatforms) = preSolution
		Debug|Any CPU = Debug|Any CPU
		Release|Any CPU = Release|Any CPU
	EndGlobalSection
	GlobalSection(ProjectConfigurationPlatforms) = postSolution
		{3FDF6FD0-DC4E-4EB7-B816-29D3A6432B3A}.Debug|Any CPU.ActiveCfg = Debug|Any CPU
		{3FDF6FD0-DC4E-4EB7-B816-29D3A6432B3A}.Debug|Any CPU.Build.0 = Debug|Any CPU
		{3FDF6FD0-DC4E-4EB7-B816-29D3A6432B3A}.Release|Any CPU.ActiveCfg = Release|Any CPU
		{3FDF6FD0-DC4E-4EB7-B816-29D3A6432B3A}.Release|Any CPU.Build.0 = Release|Any CPU
		{391744EC-8CCB-401A-A856-8718DBB2EE4B}.Debug|Any CPU.ActiveCfg = Debug|Any CPU
		{391744EC-8CCB-401A-A856-8718DBB2EE4B}.Debug|Any CPU.Build.0 = Debug|Any CPU
		{391744EC-8CCB-401A-A856-8718DBB2EE4B}.Release|Any CPU.ActiveCfg = Release|Any CPU
		{391744EC-8CCB-401A-A856-8718DBB2EE4B}.Release|Any CPU.Build.0 = Release|Any CPU
		{79E13D63-1995-43F9-9446-581658A04CD3}.Debug|Any CPU.ActiveCfg = Debug|Any CPU
		{79E13D63-1995-43F9-9446-581658A04CD3}.Debug|Any CPU.Build.0 = Debug|Any CPU
		{79E13D63-1995-43F9-9446-581658A04CD3}.Release|Any CPU.ActiveCfg = Release|Any CPU
		{79E13D63-1995-43F9-9446-581658A04CD3}.Release|Any CPU.Build.0 = Release|Any CPU
		{15CF50C0-5174-4D93-B13A-709ADF88B29C}.Debug|Any CPU.ActiveCfg = Debug|Any CPU
		{15CF50C0-5174-4D93-B13A-709ADF88B29C}.Debug|Any CPU.Build.0 = Debug|Any CPU
		{15CF50C0-5174-4D93-B13A-709ADF88B29C}.Release|Any CPU.ActiveCfg = Release|Any CPU
		{15CF50C0-5174-4D93-B13A-709ADF88B29C}.Release|Any CPU.Build.0 = Release|Any CPU
		{4F66C95E-C6FA-444D-8192-67CDC73D5CB7}.Debug|Any CPU.ActiveCfg = Debug|Any CPU
		{4F66C95E-C6FA-444D-8192-67CDC73D5CB7}.Debug|Any CPU.Build.0 = Debug|Any CPU
		{4F66C95E-C6FA-444D-8192-67CDC73D5CB7}.Release|Any CPU.ActiveCfg = Release|Any CPU
		{4F66C95E-C6FA-444D-8192-67CDC73D5CB7}.Release|Any CPU.Build.0 = Release|Any CPU
		{70C8F721-3509-43E3-B03B-432468820640}.Debug|Any CPU.ActiveCfg = Debug|Any CPU
		{70C8F721-3509-43E3-B03B-432468820640}.Debug|Any CPU.Build.0 = Debug|Any CPU
		{70C8F721-3509-43E3-B03B-432468820640}.Release|Any CPU.ActiveCfg = Release|Any CPU
		{70C8F721-3509-43E3-B03B-432468820640}.Release|Any CPU.Build.0 = Release|Any CPU
		{F3529718-B85A-481E-8C56-F7121818C6DA}.Debug|Any CPU.ActiveCfg = Debug|Any CPU
		{F3529718-B85A-481E-8C56-F7121818C6DA}.Debug|Any CPU.Build.0 = Debug|Any CPU
		{F3529718-B85A-481E-8C56-F7121818C6DA}.Release|Any CPU.ActiveCfg = Release|Any CPU
		{F3529718-B85A-481E-8C56-F7121818C6DA}.Release|Any CPU.Build.0 = Release|Any CPU
		{75742E5B-65DB-45CB-AD0A-8FD4BE138DCE}.Debug|Any CPU.ActiveCfg = Debug|Any CPU
		{75742E5B-65DB-45CB-AD0A-8FD4BE138DCE}.Debug|Any CPU.Build.0 = Debug|Any CPU
		{75742E5B-65DB-45CB-AD0A-8FD4BE138DCE}.Release|Any CPU.ActiveCfg = Release|Any CPU
		{75742E5B-65DB-45CB-AD0A-8FD4BE138DCE}.Release|Any CPU.Build.0 = Release|Any CPU
		{FBF379FB-55E6-490F-A285-B07ED85B0128}.Debug|Any CPU.ActiveCfg = Debug|Any CPU
		{FBF379FB-55E6-490F-A285-B07ED85B0128}.Debug|Any CPU.Build.0 = Debug|Any CPU
		{FBF379FB-55E6-490F-A285-B07ED85B0128}.Release|Any CPU.ActiveCfg = Release|Any CPU
		{FBF379FB-55E6-490F-A285-B07ED85B0128}.Release|Any CPU.Build.0 = Release|Any CPU
		{70F71C59-A6D7-4B0F-9D74-9693CE222EE6}.Debug|Any CPU.ActiveCfg = Debug|Any CPU
		{70F71C59-A6D7-4B0F-9D74-9693CE222EE6}.Debug|Any CPU.Build.0 = Debug|Any CPU
		{70F71C59-A6D7-4B0F-9D74-9693CE222EE6}.Release|Any CPU.ActiveCfg = Release|Any CPU
		{70F71C59-A6D7-4B0F-9D74-9693CE222EE6}.Release|Any CPU.Build.0 = Release|Any CPU
		{AB3AAF53-2901-4B5B-B26F-F51E20AC7332}.Debug|Any CPU.ActiveCfg = Debug|Any CPU
		{AB3AAF53-2901-4B5B-B26F-F51E20AC7332}.Debug|Any CPU.Build.0 = Debug|Any CPU
		{AB3AAF53-2901-4B5B-B26F-F51E20AC7332}.Release|Any CPU.ActiveCfg = Release|Any CPU
		{AB3AAF53-2901-4B5B-B26F-F51E20AC7332}.Release|Any CPU.Build.0 = Release|Any CPU
		{F91215C7-5905-4A87-8FA2-BF1F70A975AF}.Debug|Any CPU.ActiveCfg = Debug|Any CPU
		{F91215C7-5905-4A87-8FA2-BF1F70A975AF}.Debug|Any CPU.Build.0 = Debug|Any CPU
		{F91215C7-5905-4A87-8FA2-BF1F70A975AF}.Release|Any CPU.ActiveCfg = Release|Any CPU
		{F91215C7-5905-4A87-8FA2-BF1F70A975AF}.Release|Any CPU.Build.0 = Release|Any CPU
		{528A829B-F36C-4DE8-B8C4-7578547F2465}.Debug|Any CPU.ActiveCfg = Debug|Any CPU
		{528A829B-F36C-4DE8-B8C4-7578547F2465}.Debug|Any CPU.Build.0 = Debug|Any CPU
		{528A829B-F36C-4DE8-B8C4-7578547F2465}.Release|Any CPU.ActiveCfg = Release|Any CPU
		{528A829B-F36C-4DE8-B8C4-7578547F2465}.Release|Any CPU.Build.0 = Release|Any CPU
		{D7775213-86F3-412A-8766-7A9A93C6FE65}.Debug|Any CPU.ActiveCfg = Debug|Any CPU
		{D7775213-86F3-412A-8766-7A9A93C6FE65}.Debug|Any CPU.Build.0 = Debug|Any CPU
		{D7775213-86F3-412A-8766-7A9A93C6FE65}.Release|Any CPU.ActiveCfg = Release|Any CPU
		{D7775213-86F3-412A-8766-7A9A93C6FE65}.Release|Any CPU.Build.0 = Release|Any CPU
		{BCB5E8B9-3F92-4097-9B46-45BF40126FB2}.Debug|Any CPU.ActiveCfg = Debug|Any CPU
		{BCB5E8B9-3F92-4097-9B46-45BF40126FB2}.Debug|Any CPU.Build.0 = Debug|Any CPU
		{BCB5E8B9-3F92-4097-9B46-45BF40126FB2}.Release|Any CPU.ActiveCfg = Release|Any CPU
		{BCB5E8B9-3F92-4097-9B46-45BF40126FB2}.Release|Any CPU.Build.0 = Release|Any CPU
		{29ED06D2-24E4-4C61-9C12-44C697F0F9F7}.Debug|Any CPU.ActiveCfg = Debug|Any CPU
		{29ED06D2-24E4-4C61-9C12-44C697F0F9F7}.Debug|Any CPU.Build.0 = Debug|Any CPU
		{29ED06D2-24E4-4C61-9C12-44C697F0F9F7}.Release|Any CPU.ActiveCfg = Release|Any CPU
		{29ED06D2-24E4-4C61-9C12-44C697F0F9F7}.Release|Any CPU.Build.0 = Release|Any CPU
		{B112C124-8B8B-413F-8154-32E5A3168CF6}.Debug|Any CPU.ActiveCfg = Debug|Any CPU
		{B112C124-8B8B-413F-8154-32E5A3168CF6}.Debug|Any CPU.Build.0 = Debug|Any CPU
		{B112C124-8B8B-413F-8154-32E5A3168CF6}.Release|Any CPU.ActiveCfg = Release|Any CPU
		{B112C124-8B8B-413F-8154-32E5A3168CF6}.Release|Any CPU.Build.0 = Release|Any CPU
		{6D0349DB-961C-49F8-88DA-653165D854A1}.Debug|Any CPU.ActiveCfg = Debug|Any CPU
		{6D0349DB-961C-49F8-88DA-653165D854A1}.Debug|Any CPU.Build.0 = Debug|Any CPU
		{6D0349DB-961C-49F8-88DA-653165D854A1}.Release|Any CPU.ActiveCfg = Release|Any CPU
		{6D0349DB-961C-49F8-88DA-653165D854A1}.Release|Any CPU.Build.0 = Release|Any CPU
		{06CB1369-277E-436E-BC8E-F5DA097FD3D0}.Debug|Any CPU.ActiveCfg = Debug|Any CPU
		{06CB1369-277E-436E-BC8E-F5DA097FD3D0}.Debug|Any CPU.Build.0 = Debug|Any CPU
		{06CB1369-277E-436E-BC8E-F5DA097FD3D0}.Release|Any CPU.ActiveCfg = Release|Any CPU
		{06CB1369-277E-436E-BC8E-F5DA097FD3D0}.Release|Any CPU.Build.0 = Release|Any CPU
		{8E9E19CD-4190-411E-B82E-B380142449C3}.Debug|Any CPU.ActiveCfg = Debug|Any CPU
		{8E9E19CD-4190-411E-B82E-B380142449C3}.Debug|Any CPU.Build.0 = Debug|Any CPU
		{8E9E19CD-4190-411E-B82E-B380142449C3}.Release|Any CPU.ActiveCfg = Release|Any CPU
		{8E9E19CD-4190-411E-B82E-B380142449C3}.Release|Any CPU.Build.0 = Release|Any CPU
		{6685B6D7-422E-425B-8ADC-983A2B848772}.Debug|Any CPU.ActiveCfg = Debug|Any CPU
		{6685B6D7-422E-425B-8ADC-983A2B848772}.Debug|Any CPU.Build.0 = Debug|Any CPU
		{6685B6D7-422E-425B-8ADC-983A2B848772}.Release|Any CPU.ActiveCfg = Release|Any CPU
		{6685B6D7-422E-425B-8ADC-983A2B848772}.Release|Any CPU.Build.0 = Release|Any CPU
		{EC235F9F-1161-4F95-AE2D-E546649AA771}.Debug|Any CPU.ActiveCfg = Debug|Any CPU
		{EC235F9F-1161-4F95-AE2D-E546649AA771}.Debug|Any CPU.Build.0 = Debug|Any CPU
		{EC235F9F-1161-4F95-AE2D-E546649AA771}.Release|Any CPU.ActiveCfg = Release|Any CPU
		{EC235F9F-1161-4F95-AE2D-E546649AA771}.Release|Any CPU.Build.0 = Release|Any CPU
		{3E520D81-9DCA-4D65-BAE5-2E6A26301F27}.Debug|Any CPU.ActiveCfg = Debug|Any CPU
		{3E520D81-9DCA-4D65-BAE5-2E6A26301F27}.Debug|Any CPU.Build.0 = Debug|Any CPU
		{3E520D81-9DCA-4D65-BAE5-2E6A26301F27}.Release|Any CPU.ActiveCfg = Release|Any CPU
		{3E520D81-9DCA-4D65-BAE5-2E6A26301F27}.Release|Any CPU.Build.0 = Release|Any CPU
		{DA395691-C55D-4370-9C74-A269CFCDD9F6}.Debug|Any CPU.ActiveCfg = Debug|Any CPU
		{DA395691-C55D-4370-9C74-A269CFCDD9F6}.Debug|Any CPU.Build.0 = Debug|Any CPU
		{DA395691-C55D-4370-9C74-A269CFCDD9F6}.Release|Any CPU.ActiveCfg = Release|Any CPU
		{DA395691-C55D-4370-9C74-A269CFCDD9F6}.Release|Any CPU.Build.0 = Release|Any CPU
		{C861EEF9-65C3-4B04-87D4-83AE89D1DE32}.Debug|Any CPU.ActiveCfg = Debug|Any CPU
		{C861EEF9-65C3-4B04-87D4-83AE89D1DE32}.Debug|Any CPU.Build.0 = Debug|Any CPU
		{C861EEF9-65C3-4B04-87D4-83AE89D1DE32}.Release|Any CPU.ActiveCfg = Release|Any CPU
		{C861EEF9-65C3-4B04-87D4-83AE89D1DE32}.Release|Any CPU.Build.0 = Release|Any CPU
	EndGlobalSection
	GlobalSection(SolutionProperties) = preSolution
		HideSolutionNode = FALSE
	EndGlobalSection
EndGlobal
